// !$*UTF8*$!
{
	archiveVersion = 1;
	classes = {
	};
	objectVersion = 46;
	objects = {

/* Begin PBXBuildFile section */
		B351B45C1F9A5AEA0026E492 /* AppDelegate.swift in Sources */ = {isa = PBXBuildFile; fileRef = B351B45B1F9A5AEA0026E492 /* AppDelegate.swift */; };
		B351B45E1F9A5AEA0026E492 /* SignInVC.swift in Sources */ = {isa = PBXBuildFile; fileRef = B351B45D1F9A5AEA0026E492 /* SignInVC.swift */; };
		B351B4611F9A5AEA0026E492 /* Main.storyboard in Resources */ = {isa = PBXBuildFile; fileRef = B351B45F1F9A5AEA0026E492 /* Main.storyboard */; };
		B351B4631F9A5AEA0026E492 /* Assets.xcassets in Resources */ = {isa = PBXBuildFile; fileRef = B351B4621F9A5AEA0026E492 /* Assets.xcassets */; };
		B351B4661F9A5AEA0026E492 /* LaunchScreen.storyboard in Resources */ = {isa = PBXBuildFile; fileRef = B351B4641F9A5AEA0026E492 /* LaunchScreen.storyboard */; };
		B351B46E1F9A5B630026E492 /* GoogleService-Info.plist in Resources */ = {isa = PBXBuildFile; fileRef = B351B46D1F9A5B630026E492 /* GoogleService-Info.plist */; };
		F42A5FD8A1F96F2704EF9BF2 /* Pods_devslopes_social.framework in Frameworks */ = {isa = PBXBuildFile; fileRef = 3E059C237D3B584BC5969753 /* Pods_devslopes_social.framework */; };
/* End PBXBuildFile section */

/* Begin PBXFileReference section */
		3E059C237D3B584BC5969753 /* Pods_devslopes_social.framework */ = {isa = PBXFileReference; explicitFileType = wrapper.framework; includeInIndex = 0; path = Pods_devslopes_social.framework; sourceTree = BUILT_PRODUCTS_DIR; };
		9E56F2568A117432573884ED /* Pods-devslopes-social.debug.xcconfig */ = {isa = PBXFileReference; includeInIndex = 1; lastKnownFileType = text.xcconfig; name = "Pods-devslopes-social.debug.xcconfig"; path = "Pods/Target Support Files/Pods-devslopes-social/Pods-devslopes-social.debug.xcconfig"; sourceTree = "<group>"; };
		B351B4581F9A5AEA0026E492 /* devslopes-social.app */ = {isa = PBXFileReference; explicitFileType = wrapper.application; includeInIndex = 0; path = "devslopes-social.app"; sourceTree = BUILT_PRODUCTS_DIR; };
		B351B45B1F9A5AEA0026E492 /* AppDelegate.swift */ = {isa = PBXFileReference; lastKnownFileType = sourcecode.swift; path = AppDelegate.swift; sourceTree = "<group>"; };
		B351B45D1F9A5AEA0026E492 /* SignInVC.swift */ = {isa = PBXFileReference; lastKnownFileType = sourcecode.swift; path = SignInVC.swift; sourceTree = "<group>"; };
		B351B4601F9A5AEA0026E492 /* Base */ = {isa = PBXFileReference; lastKnownFileType = file.storyboard; name = Base; path = Base.lproj/Main.storyboard; sourceTree = "<group>"; };
		B351B4621F9A5AEA0026E492 /* Assets.xcassets */ = {isa = PBXFileReference; lastKnownFileType = folder.assetcatalog; path = Assets.xcassets; sourceTree = "<group>"; };
		B351B4651F9A5AEA0026E492 /* Base */ = {isa = PBXFileReference; lastKnownFileType = file.storyboard; name = Base; path = Base.lproj/LaunchScreen.storyboard; sourceTree = "<group>"; };
		B351B4671F9A5AEA0026E492 /* Info.plist */ = {isa = PBXFileReference; lastKnownFileType = text.plist.xml; path = Info.plist; sourceTree = "<group>"; };
		B351B46D1F9A5B630026E492 /* GoogleService-Info.plist */ = {isa = PBXFileReference; fileEncoding = 4; lastKnownFileType = text.plist.xml; path = "GoogleService-Info.plist"; sourceTree = "<group>"; };
		F3F63C52E8936C342BEDBAC6 /* Pods-devslopes-social.release.xcconfig */ = {isa = PBXFileReference; includeInIndex = 1; lastKnownFileType = text.xcconfig; name = "Pods-devslopes-social.release.xcconfig"; path = "Pods/Target Support Files/Pods-devslopes-social/Pods-devslopes-social.release.xcconfig"; sourceTree = "<group>"; };
/* End PBXFileReference section */

/* Begin PBXFrameworksBuildPhase section */
		B351B4551F9A5AEA0026E492 /* Frameworks */ = {
			isa = PBXFrameworksBuildPhase;
			buildActionMask = 2147483647;
			files = (
				F42A5FD8A1F96F2704EF9BF2 /* Pods_devslopes_social.framework in Frameworks */,
			);
			runOnlyForDeploymentPostprocessing = 0;
		};
/* End PBXFrameworksBuildPhase section */

/* Begin PBXGroup section */
		230DD8D7CBED6103D8396D86 /* Pods */ = {
			isa = PBXGroup;
			children = (
				9E56F2568A117432573884ED /* Pods-devslopes-social.debug.xcconfig */,
				F3F63C52E8936C342BEDBAC6 /* Pods-devslopes-social.release.xcconfig */,
			);
			name = Pods;
			sourceTree = "<group>";
		};
		B351B44F1F9A5AEA0026E492 = {
			isa = PBXGroup;
			children = (
				B351B45A1F9A5AEA0026E492 /* devslopes-social */,
				B351B4591F9A5AEA0026E492 /* Products */,
				230DD8D7CBED6103D8396D86 /* Pods */,
				DACF92CCFFCB3844E9692170 /* Frameworks */,
			);
			sourceTree = "<group>";
		};
		B351B4591F9A5AEA0026E492 /* Products */ = {
			isa = PBXGroup;
			children = (
				B351B4581F9A5AEA0026E492 /* devslopes-social.app */,
			);
			name = Products;
			sourceTree = "<group>";
		};
		B351B45A1F9A5AEA0026E492 /* devslopes-social */ = {
			isa = PBXGroup;
			children = (
				B351B4711F9A5E360026E492 /* Model */,
				B351B4701F9A5E320026E492 /* View */,
				B351B46F1F9A5E2D0026E492 /* Controller */,
				B351B45B1F9A5AEA0026E492 /* AppDelegate.swift */,
				B351B45F1F9A5AEA0026E492 /* Main.storyboard */,
				B351B4621F9A5AEA0026E492 /* Assets.xcassets */,
				B351B4641F9A5AEA0026E492 /* LaunchScreen.storyboard */,
				B351B4671F9A5AEA0026E492 /* Info.plist */,
				B351B46D1F9A5B630026E492 /* GoogleService-Info.plist */,
			);
			path = "devslopes-social";
			sourceTree = "<group>";
		};
		B351B46F1F9A5E2D0026E492 /* Controller */ = {
			isa = PBXGroup;
			children = (
				B351B45D1F9A5AEA0026E492 /* SignInVC.swift */,
			);
			name = Controller;
			sourceTree = "<group>";
		};
		B351B4701F9A5E320026E492 /* View */ = {
			isa = PBXGroup;
			children = (
			);
			name = View;
			sourceTree = "<group>";
		};
		B351B4711F9A5E360026E492 /* Model */ = {
			isa = PBXGroup;
			children = (
			);
			name = Model;
			sourceTree = "<group>";
		};
		DACF92CCFFCB3844E9692170 /* Frameworks */ = {
			isa = PBXGroup;
			children = (
				3E059C237D3B584BC5969753 /* Pods_devslopes_social.framework */,
			);
			name = Frameworks;
			sourceTree = "<group>";
		};
/* End PBXGroup section */

/* Begin PBXNativeTarget section */
		B351B4571F9A5AEA0026E492 /* devslopes-social */ = {
			isa = PBXNativeTarget;
			buildConfigurationList = B351B46A1F9A5AEA0026E492 /* Build configuration list for PBXNativeTarget "devslopes-social" */;
			buildPhases = (
				AEFF6B7D6EE209E63E1CB740 /* [CP] Check Pods Manifest.lock */,
				B351B4541F9A5AEA0026E492 /* Sources */,
				B351B4551F9A5AEA0026E492 /* Frameworks */,
				B351B4561F9A5AEA0026E492 /* Resources */,
				5A1BEA24F32808014146D69F /* [CP] Embed Pods Frameworks */,
				2A3ECCF271F49B3852AC4DB4 /* [CP] Copy Pods Resources */,
			);
			buildRules = (
			);
			dependencies = (
			);
			name = "devslopes-social";
			productName = "devslopes-social";
			productReference = B351B4581F9A5AEA0026E492 /* devslopes-social.app */;
			productType = "com.apple.product-type.application";
		};
/* End PBXNativeTarget section */

/* Begin PBXProject section */
		B351B4501F9A5AEA0026E492 /* Project object */ = {
			isa = PBXProject;
			attributes = {
				LastSwiftUpdateCheck = 0830;
				LastUpgradeCheck = 0830;
				ORGANIZATIONNAME = Rebecca;
				TargetAttributes = {
					B351B4571F9A5AEA0026E492 = {
						CreatedOnToolsVersion = 8.3.3;
						DevelopmentTeam = 8FRE9Y7TQG;
						ProvisioningStyle = Automatic;
					};
				};
			};
			buildConfigurationList = B351B4531F9A5AEA0026E492 /* Build configuration list for PBXProject "devslopes-social" */;
			compatibilityVersion = "Xcode 3.2";
			developmentRegion = English;
			hasScannedForEncodings = 0;
			knownRegions = (
				en,
				Base,
			);
			mainGroup = B351B44F1F9A5AEA0026E492;
			productRefGroup = B351B4591F9A5AEA0026E492 /* Products */;
			projectDirPath = "";
			projectRoot = "";
			targets = (
				B351B4571F9A5AEA0026E492 /* devslopes-social */,
			);
		};
/* End PBXProject section */

/* Begin PBXResourcesBuildPhase section */
		B351B4561F9A5AEA0026E492 /* Resources */ = {
			isa = PBXResourcesBuildPhase;
			buildActionMask = 2147483647;
			files = (
				B351B4661F9A5AEA0026E492 /* LaunchScreen.storyboard in Resources */,
				B351B4631F9A5AEA0026E492 /* Assets.xcassets in Resources */,
				B351B4611F9A5AEA0026E492 /* Main.storyboard in Resources */,
				B351B46E1F9A5B630026E492 /* GoogleService-Info.plist in Resources */,
			);
			runOnlyForDeploymentPostprocessing = 0;
		};
/* End PBXResourcesBuildPhase section */

/* Begin PBXShellScriptBuildPhase section */
		2A3ECCF271F49B3852AC4DB4 /* [CP] Copy Pods Resources */ = {
			isa = PBXShellScriptBuildPhase;
			buildActionMask = 2147483647;
			files = (
			);
			inputPaths = (
			);
			name = "[CP] Copy Pods Resources";
			outputPaths = (
			);
			runOnlyForDeploymentPostprocessing = 0;
			shellPath = /bin/sh;
			shellScript = "\"${SRCROOT}/Pods/Target Support Files/Pods-devslopes-social/Pods-devslopes-social-resources.sh\"\n";
			showEnvVarsInLog = 0;
		};
		5A1BEA24F32808014146D69F /* [CP] Embed Pods Frameworks */ = {
			isa = PBXShellScriptBuildPhase;
			buildActionMask = 2147483647;
			files = (
			);
			inputPaths = (
				"${SRCROOT}/Pods/Target Support Files/Pods-devslopes-social/Pods-devslopes-social-frameworks.sh",
				"${BUILT_PRODUCTS_DIR}/GTMSessionFetcher/GTMSessionFetcher.framework",
				"${BUILT_PRODUCTS_DIR}/GoogleToolboxForMac/GoogleToolboxForMac.framework",
				"${BUILT_PRODUCTS_DIR}/nanopb/nanopb.framework",
			);
			name = "[CP] Embed Pods Frameworks";
			outputPaths = (
				"${TARGET_BUILD_DIR}/${FRAMEWORKS_FOLDER_PATH}/GTMSessionFetcher.framework",
				"${TARGET_BUILD_DIR}/${FRAMEWORKS_FOLDER_PATH}/GoogleToolboxForMac.framework",
				"${TARGET_BUILD_DIR}/${FRAMEWORKS_FOLDER_PATH}/nanopb.framework",
			);
			runOnlyForDeploymentPostprocessing = 0;
			shellPath = /bin/sh;
			shellScript = "\"${SRCROOT}/Pods/Target Support Files/Pods-devslopes-social/Pods-devslopes-social-frameworks.sh\"\n";
			showEnvVarsInLog = 0;
		};
		AEFF6B7D6EE209E63E1CB740 /* [CP] Check Pods Manifest.lock */ = {
			isa = PBXShellScriptBuildPhase;
			buildActionMask = 2147483647;
			files = (
			);
			inputPaths = (
				"${PODS_PODFILE_DIR_PATH}/Podfile.lock",
				"${PODS_ROOT}/Manifest.lock",
			);
			name = "[CP] Check Pods Manifest.lock";
			outputPaths = (
				"$(DERIVED_FILE_DIR)/Pods-devslopes-social-checkManifestLockResult.txt",
			);
			runOnlyForDeploymentPostprocessing = 0;
			shellPath = /bin/sh;
			shellScript = "diff \"${PODS_PODFILE_DIR_PATH}/Podfile.lock\" \"${PODS_ROOT}/Manifest.lock\" > /dev/null\nif [ $? != 0 ] ; then\n    # print error to STDERR\n    echo \"error: The sandbox is not in sync with the Podfile.lock. Run 'pod install' or update your CocoaPods installation.\" >&2\n    exit 1\nfi\n# This output is used by Xcode 'outputs' to avoid re-running this script phase.\necho \"SUCCESS\" > \"${SCRIPT_OUTPUT_FILE_0}\"\n";
			showEnvVarsInLog = 0;
		};
/* End PBXShellScriptBuildPhase section */

/* Begin PBXSourcesBuildPhase section */
		B351B4541F9A5AEA0026E492 /* Sources */ = {
			isa = PBXSourcesBuildPhase;
			buildActionMask = 2147483647;
			files = (
				B351B45E1F9A5AEA0026E492 /* SignInVC.swift in Sources */,
				B351B45C1F9A5AEA0026E492 /* AppDelegate.swift in Sources */,
			);
			runOnlyForDeploymentPostprocessing = 0;
		};
/* End PBXSourcesBuildPhase section */

/* Begin PBXVariantGroup section */
		B351B45F1F9A5AEA0026E492 /* Main.storyboard */ = {
			isa = PBXVariantGroup;
			children = (
				B351B4601F9A5AEA0026E492 /* Base */,
			);
			name = Main.storyboard;
			sourceTree = "<group>";
		};
		B351B4641F9A5AEA0026E492 /* LaunchScreen.storyboard */ = {
			isa = PBXVariantGroup;
			children = (
				B351B4651F9A5AEA0026E492 /* Base */,
			);
			name = LaunchScreen.storyboard;
			sourceTree = "<group>";
		};
/* End PBXVariantGroup section */

/* Begin XCBuildConfiguration section */
		B351B4681F9A5AEA0026E492 /* Debug */ = {
			isa = XCBuildConfiguration;
			buildSettings = {
				ALWAYS_SEARCH_USER_PATHS = NO;
				CLANG_ANALYZER_NONNULL = YES;
				CLANG_ANALYZER_NUMBER_OBJECT_CONVERSION = YES_AGGRESSIVE;
				CLANG_CXX_LANGUAGE_STANDARD = "gnu++0x";
				CLANG_CXX_LIBRARY = "libc++";
				CLANG_ENABLE_MODULES = YES;
				CLANG_ENABLE_OBJC_ARC = YES;
				CLANG_WARN_BOOL_CONVERSION = YES;
				CLANG_WARN_CONSTANT_CONVERSION = YES;
				CLANG_WARN_DIRECT_OBJC_ISA_USAGE = YES_ERROR;
				CLANG_WARN_DOCUMENTATION_COMMENTS = YES;
				CLANG_WARN_EMPTY_BODY = YES;
				CLANG_WARN_ENUM_CONVERSION = YES;
				CLANG_WARN_INFINITE_RECURSION = YES;
				CLANG_WARN_INT_CONVERSION = YES;
				CLANG_WARN_OBJC_ROOT_CLASS = YES_ERROR;
				CLANG_WARN_SUSPICIOUS_MOVE = YES;
				CLANG_WARN_UNREACHABLE_CODE = YES;
				CLANG_WARN__DUPLICATE_METHOD_MATCH = YES;
				"CODE_SIGN_IDENTITY[sdk=iphoneos*]" = "iPhone Developer";
				COPY_PHASE_STRIP = NO;
				DEBUG_INFORMATION_FORMAT = dwarf;
				ENABLE_STRICT_OBJC_MSGSEND = YES;
				ENABLE_TESTABILITY = YES;
				GCC_C_LANGUAGE_STANDARD = gnu99;
				GCC_DYNAMIC_NO_PIC = NO;
				GCC_NO_COMMON_BLOCKS = YES;
				GCC_OPTIMIZATION_LEVEL = 0;
				GCC_PREPROCESSOR_DEFINITIONS = (
					"DEBUG=1",
					"$(inherited)",
				);
				GCC_WARN_64_TO_32_BIT_CONVERSION = YES;
				GCC_WARN_ABOUT_RETURN_TYPE = YES_ERROR;
				GCC_WARN_UNDECLARED_SELECTOR = YES;
				GCC_WARN_UNINITIALIZED_AUTOS = YES_AGGRESSIVE;
				GCC_WARN_UNUSED_FUNCTION = YES;
				GCC_WARN_UNUSED_VARIABLE = YES;
				IPHONEOS_DEPLOYMENT_TARGET = 10.3;
				MTL_ENABLE_DEBUG_INFO = YES;
				ONLY_ACTIVE_ARCH = YES;
				SDKROOT = iphoneos;
				SWIFT_ACTIVE_COMPILATION_CONDITIONS = DEBUG;
				SWIFT_OPTIMIZATION_LEVEL = "-Onone";
				TARGETED_DEVICE_FAMILY = "1,2";
			};
			name = Debug;
		};
		B351B4691F9A5AEA0026E492 /* Release */ = {
			isa = XCBuildConfiguration;
			buildSettings = {
				ALWAYS_SEARCH_USER_PATHS = NO;
				CLANG_ANALYZER_NONNULL = YES;
				CLANG_ANALYZER_NUMBER_OBJECT_CONVERSION = YES_AGGRESSIVE;
				CLANG_CXX_LANGUAGE_STANDARD = "gnu++0x";
				CLANG_CXX_LIBRARY = "libc++";
				CLANG_ENABLE_MODULES = YES;
				CLANG_ENABLE_OBJC_ARC = YES;
				CLANG_WARN_BOOL_CONVERSION = YES;
				CLANG_WARN_CONSTANT_CONVERSION = YES;
				CLANG_WARN_DIRECT_OBJC_ISA_USAGE = YES_ERROR;
				CLANG_WARN_DOCUMENTATION_COMMENTS = YES;
				CLANG_WARN_EMPTY_BODY = YES;
				CLANG_WARN_ENUM_CONVERSION = YES;
				CLANG_WARN_INFINITE_RECURSION = YES;
				CLANG_WARN_INT_CONVERSION = YES;
				CLANG_WARN_OBJC_ROOT_CLASS = YES_ERROR;
				CLANG_WARN_SUSPICIOUS_MOVE = YES;
				CLANG_WARN_UNREACHABLE_CODE = YES;
				CLANG_WARN__DUPLICATE_METHOD_MATCH = YES;
				"CODE_SIGN_IDENTITY[sdk=iphoneos*]" = "iPhone Developer";
				COPY_PHASE_STRIP = NO;
				DEBUG_INFORMATION_FORMAT = "dwarf-with-dsym";
				ENABLE_NS_ASSERTIONS = NO;
				ENABLE_STRICT_OBJC_MSGSEND = YES;
				GCC_C_LANGUAGE_STANDARD = gnu99;
				GCC_NO_COMMON_BLOCKS = YES;
				GCC_WARN_64_TO_32_BIT_CONVERSION = YES;
				GCC_WARN_ABOUT_RETURN_TYPE = YES_ERROR;
				GCC_WARN_UNDECLARED_SELECTOR = YES;
				GCC_WARN_UNINITIALIZED_AUTOS = YES_AGGRESSIVE;
				GCC_WARN_UNUSED_FUNCTION = YES;
				GCC_WARN_UNUSED_VARIABLE = YES;
				IPHONEOS_DEPLOYMENT_TARGET = 10.3;
				MTL_ENABLE_DEBUG_INFO = NO;
				SDKROOT = iphoneos;
				SWIFT_OPTIMIZATION_LEVEL = "-Owholemodule";
				TARGETED_DEVICE_FAMILY = "1,2";
				VALIDATE_PRODUCT = YES;
			};
			name = Release;
		};
		B351B46B1F9A5AEA0026E492 /* Debug */ = {
			isa = XCBuildConfiguration;
			baseConfigurationReference = 9E56F2568A117432573884ED /* Pods-devslopes-social.debug.xcconfig */;
			buildSettings = {
				ASSETCATALOG_COMPILER_APPICON_NAME = AppIcon;
				DEVELOPMENT_TEAM = 8FRE9Y7TQG;
				INFOPLIST_FILE = "devslopes-social/Info.plist";
				LD_RUNPATH_SEARCH_PATHS = "$(inherited) @executable_path/Frameworks";
				PRODUCT_BUNDLE_IDENTIFIER = "XCcom.gpwin.devslopes-social";
				PRODUCT_NAME = "$(TARGET_NAME)";
				SWIFT_VERSION = 3.0;
			};
			name = Debug;
		};
		B351B46C1F9A5AEA0026E492 /* Release */ = {
			isa = XCBuildConfiguration;
			baseConfigurationReference = F3F63C52E8936C342BEDBAC6 /* Pods-devslopes-social.release.xcconfig */;
			buildSettings = {
				ASSETCATALOG_COMPILER_APPICON_NAME = AppIcon;
				DEVELOPMENT_TEAM = 8FRE9Y7TQG;
				INFOPLIST_FILE = "devslopes-social/Info.plist";
				LD_RUNPATH_SEARCH_PATHS = "$(inherited) @executable_path/Frameworks";
				PRODUCT_BUNDLE_IDENTIFIER = "XCcom.gpwin.devslopes-social";
				PRODUCT_NAME = "$(TARGET_NAME)";
				SWIFT_VERSION = 3.0;
			};
			name = Release;
		};
/* End XCBuildConfiguration section */

/* Begin XCConfigurationList section */
		B351B4531F9A5AEA0026E492 /* Build configuration list for PBXProject "devslopes-social" */ = {
			isa = XCConfigurationList;
			buildConfigurations = (
				B351B4681F9A5AEA0026E492 /* Debug */,
				B351B4691F9A5AEA0026E492 /* Release */,
			);
			defaultConfigurationIsVisible = 0;
			defaultConfigurationName = Release;
		};
		B351B46A1F9A5AEA0026E492 /* Build configuration list for PBXNativeTarget "devslopes-social" */ = {
			isa = XCConfigurationList;
			buildConfigurations = (
				B351B46B1F9A5AEA0026E492 /* Debug */,
				B351B46C1F9A5AEA0026E492 /* Release */,
			);
			defaultConfigurationIsVisible = 0;
			defaultConfigurationName = Release;
		};
/* End XCConfigurationList section */
	};
	rootObject = B351B4501F9A5AEA0026E492 /* Project object */;
}
